<?xml version="1.0" encoding="utf-8"?>
<Project ToolsVersion="4.0" xmlns="http://schemas.microsoft.com/developer/msbuild/2003">
  <ItemGroup>
    <Filter Include="Source Files">
      <UniqueIdentifier>{4FC737F1-C7A5-4376-A066-2A32D752A2FF}</UniqueIdentifier>
      <Extensions>cpp;c;cc;cxx;c++;def;odl;idl;hpj;bat;asm;asmx</Extensions>
    </Filter>
    <Filter Include="Header Files">
      <UniqueIdentifier>{93995380-89BD-4b04-88EB-625FBE52EBFB}</UniqueIdentifier>
      <Extensions>h;hh;hpp;hxx;h++;hm;inl;inc;ipp;xsd</Extensions>
    </Filter>
    <Filter Include="Resource Files">
      <UniqueIdentifier>{67DA6AB6-F800-4c08-8B7A-83BB121AAD01}</UniqueIdentifier>
      <Extensions>rc;ico;cur;bmp;dlg;rc2;rct;bin;rgs;gif;jpg;jpeg;jpe;resx;tiff;tif;png;wav;mfcribbon-ms</Extensions>
    </Filter>
    <Filter Include="Header Files\base">
      <UniqueIdentifier>{288ddf59-82aa-4131-96a4-0887d329c62e}</UniqueIdentifier>
    </Filter>
    <Filter Include="Source Files\base">
      <UniqueIdentifier>{d50edf76-8f3a-4bcc-bc2e-7e96244fd92f}</UniqueIdentifier>
    </Filter>
    <Filter Include="Header Files\python">
      <UniqueIdentifier>{a42d15b7-3fe3-42c0-b9ab-73542ae94485}</UniqueIdentifier>
    </Filter>
    <Filter Include="Source Files\python">
      <UniqueIdentifier>{042d583e-1621-48a7-8770-bf3a0b4f2947}</UniqueIdentifier>
    </Filter>
    <Filter Include="Source Files\math">
      <UniqueIdentifier>{fde144a5-f33f-431f-830d-62bfe2415cfc}</UniqueIdentifier>
    </Filter>
  </ItemGroup>
  <ItemGroup>
    <ClInclude Include="..\..\include\zero\base\base.h">
      <Filter>Header Files\base</Filter>
    </ClInclude>
    <ClInclude Include="..\..\include\zero\python\python.h">
      <Filter>Header Files\python</Filter>
    </ClInclude>
    <ClInclude Include="..\..\include\zero\common.h">
      <Filter>Header Files</Filter>
    </ClInclude>
    <ClInclude Include="..\..\include\zero\base\algorithm.h">
      <Filter>Header Files\base</Filter>
    </ClInclude>
  </ItemGroup>
  <ItemGroup>
    <ClCompile Include="..\..\source\python\python.cpp">
      <Filter>Source Files\python</Filter>
    </ClCompile>
    <ClCompile Include="..\..\source\math\mat.cpp">
      <Filter>Source Files\math</Filter>
    </ClCompile>
    <ClCompile Include="..\..\source\base\algorithm.cpp">
      <Filter>Source Files\base</Filter>
    </ClCompile>
  </ItemGroup>
</Project>